
Microsoft Visual Studio Solution File, Format Version 12.00
# Visual Studio 2012
Project("{FAE04EC0-301F-11D3-BF4B-00C04F79EFBC}") = "Exercise_11", "Exercise_11\Exercise_11.csproj", "{15884C6D-110F-4643-8422-A97ADB9E940F}"
EndProject
Global
	GlobalSection(SolutionConfigurationPlatforms) = preSolution
		Debug|x86 = Debug|x86
		Release|x86 = Release|x86
	EndGlobalSection
	GlobalSection(ProjectConfigurationPlatforms) = postSolution
		{15884C6D-110F-4643-8422-A97ADB9E940F}.Debug|x86.ActiveCfg = Debug|x86
		{15884C6D-110F-4643-8422-A97ADB9E940F}.Debug|x86.Build.0 = Debug|x86
		{15884C6D-110F-4643-8422-A97ADB9E940F}.Release|x86.ActiveCfg = Release|x86
		{15884C6D-110F-4643-8422-A97ADB9E940F}.Release|x86.Build.0 = Release|x86
	EndGlobalSection
EndGlobal
