
Microsoft Visual Studio Solution File, Format Version 12.00
# Visual Studio 2012
Project("{FAE04EC0-301F-11D3-BF4B-00C04F79EFBC}") = "Exercise_03", "Exercise_03\Exercise_03.csproj", "{7C26E2AC-0209-4705-A531-3369D970B0F2}"
EndProject
Global
	GlobalSection(SolutionConfigurationPlatforms) = preSolution
		Debug|x86 = Debug|x86
		Release|x86 = Release|x86
	EndGlobalSection
	GlobalSection(ProjectConfigurationPlatforms) = postSolution
		{7C26E2AC-0209-4705-A531-3369D970B0F2}.Debug|x86.ActiveCfg = Debug|x86
		{7C26E2AC-0209-4705-A531-3369D970B0F2}.Debug|x86.Build.0 = Debug|x86
		{7C26E2AC-0209-4705-A531-3369D970B0F2}.Release|x86.ActiveCfg = Release|x86
		{7C26E2AC-0209-4705-A531-3369D970B0F2}.Release|x86.Build.0 = Release|x86
	EndGlobalSection
EndGlobal
