
Microsoft Visual Studio Solution File, Format Version 12.00
# Visual Studio 2012
Project("{FAE04EC0-301F-11D3-BF4B-00C04F79EFBC}") = "Exercise_08", "Exercise_08\Exercise_08.csproj", "{CDDD4CC7-F300-4F66-BFE0-C522332C3C30}"
EndProject
Global
	GlobalSection(SolutionConfigurationPlatforms) = preSolution
		Debug|x86 = Debug|x86
		Release|x86 = Release|x86
	EndGlobalSection
	GlobalSection(ProjectConfigurationPlatforms) = postSolution
		{CDDD4CC7-F300-4F66-BFE0-C522332C3C30}.Debug|x86.ActiveCfg = Debug|x86
		{CDDD4CC7-F300-4F66-BFE0-C522332C3C30}.Debug|x86.Build.0 = Debug|x86
		{CDDD4CC7-F300-4F66-BFE0-C522332C3C30}.Release|x86.ActiveCfg = Release|x86
		{CDDD4CC7-F300-4F66-BFE0-C522332C3C30}.Release|x86.Build.0 = Release|x86
	EndGlobalSection
EndGlobal
