
Microsoft Visual Studio Solution File, Format Version 12.00
# Visual Studio 2012
Project("{FAE04EC0-301F-11D3-BF4B-00C04F79EFBC}") = "Exercise_01", "Exercise_01\Exercise_01.csproj", "{E98930DF-2F1F-4C9C-B9BD-AA1BE57C5195}"
EndProject
Global
	GlobalSection(SolutionConfigurationPlatforms) = preSolution
		Debug|x86 = Debug|x86
		Release|x86 = Release|x86
	EndGlobalSection
	GlobalSection(ProjectConfigurationPlatforms) = postSolution
		{E98930DF-2F1F-4C9C-B9BD-AA1BE57C5195}.Debug|x86.ActiveCfg = Debug|x86
		{E98930DF-2F1F-4C9C-B9BD-AA1BE57C5195}.Debug|x86.Build.0 = Debug|x86
		{E98930DF-2F1F-4C9C-B9BD-AA1BE57C5195}.Release|x86.ActiveCfg = Release|x86
		{E98930DF-2F1F-4C9C-B9BD-AA1BE57C5195}.Release|x86.Build.0 = Release|x86
	EndGlobalSection
EndGlobal
